
Microsoft Visual Studio Solution File, Format Version 12.00
Project("{FAE04EC0-301F-11D3-BF4B-00C04F79EFBC}") = "SampleProject", "SampleProject\SampleProject.csproj", "{AC5BEDFD-4974-493E-94FA-8B24A407A115}"
EndProject
Project("{2150E333-8FDC-42A3-9474-1A3956D46DE8}") = "Module", "Module", "{64E28EF2-0F8E-4508-A530-07FC413291C0}"
EndProject
Project("{2150E333-8FDC-42A3-9474-1A3956D46DE8}") = "User", "User", "{7E77C52E-4F08-4A9F-950B-A48CB8362873}"
EndProject
Project("{2150E333-8FDC-42A3-9474-1A3956D46DE8}") = "Role", "Role", "{A9F67942-CFB5-45DF-B034-46604AA1C40B}"
EndProject
Project("{FAE04EC0-301F-11D3-BF4B-00C04F79EFBC}") = "Module.User.Api", "Module.User.Api\Module.User.Api.csproj", "{291A0790-55E0-4D9A-BA80-8633F2A7ADFA}"
EndProject
Project("{FAE04EC0-301F-11D3-BF4B-00C04F79EFBC}") = "Module.User.Application", "Module.User.Application\Module.User.Application.csproj", "{7F94B604-5EDE-40FB-8C76-281BB98AC48D}"
EndProject
Project("{FAE04EC0-301F-11D3-BF4B-00C04F79EFBC}") = "Module.User.Persistence", "Module.User.Persistence\Module.User.Persistence.csproj", "{2BFB2D06-A62C-4D47-BAEF-1060B0B85517}"
EndProject
Project("{FAE04EC0-301F-11D3-BF4B-00C04F79EFBC}") = "Module.User.Domain", "Module.User.Domain\Module.User.Domain.csproj", "{B4799410-0D75-4AF5-80D3-8B4522AF6AEF}"
EndProject
Project("{2150E333-8FDC-42A3-9474-1A3956D46DE8}") = "Shared", "Shared", "{CA9D1EE2-8B9F-44BE-BB68-A6FC4A2CAABD}"
EndProject
Project("{FAE04EC0-301F-11D3-BF4B-00C04F79EFBC}") = "Module.Shared.Domain", "Module.Shared.Domain\Module.Shared.Domain.csproj", "{330518D7-0E10-406A-84C0-689FD97592A3}"
EndProject
Project("{FAE04EC0-301F-11D3-BF4B-00C04F79EFBC}") = "Module.Shared.Persistence", "Module.Shared.Persistence\Module.Shared.Persistence.csproj", "{2C61B38C-9460-414A-817B-F69539AFBE3B}"
EndProject
Project("{FAE04EC0-301F-11D3-BF4B-00C04F79EFBC}") = "Module.Shared.Application", "Module.Shared.Application\Module.Shared.Application.csproj", "{0BE20EE7-DEDF-4C61-92E6-EFD2C7348CD4}"
EndProject
Global
	GlobalSection(SolutionConfigurationPlatforms) = preSolution
		Debug|Any CPU = Debug|Any CPU
		Release|Any CPU = Release|Any CPU
	EndGlobalSection
	GlobalSection(ProjectConfigurationPlatforms) = postSolution
		{AC5BEDFD-4974-493E-94FA-8B24A407A115}.Debug|Any CPU.ActiveCfg = Debug|Any CPU
		{AC5BEDFD-4974-493E-94FA-8B24A407A115}.Debug|Any CPU.Build.0 = Debug|Any CPU
		{AC5BEDFD-4974-493E-94FA-8B24A407A115}.Release|Any CPU.ActiveCfg = Release|Any CPU
		{AC5BEDFD-4974-493E-94FA-8B24A407A115}.Release|Any CPU.Build.0 = Release|Any CPU
		{291A0790-55E0-4D9A-BA80-8633F2A7ADFA}.Debug|Any CPU.ActiveCfg = Debug|Any CPU
		{291A0790-55E0-4D9A-BA80-8633F2A7ADFA}.Debug|Any CPU.Build.0 = Debug|Any CPU
		{291A0790-55E0-4D9A-BA80-8633F2A7ADFA}.Release|Any CPU.ActiveCfg = Release|Any CPU
		{291A0790-55E0-4D9A-BA80-8633F2A7ADFA}.Release|Any CPU.Build.0 = Release|Any CPU
		{7F94B604-5EDE-40FB-8C76-281BB98AC48D}.Debug|Any CPU.ActiveCfg = Debug|Any CPU
		{7F94B604-5EDE-40FB-8C76-281BB98AC48D}.Debug|Any CPU.Build.0 = Debug|Any CPU
		{7F94B604-5EDE-40FB-8C76-281BB98AC48D}.Release|Any CPU.ActiveCfg = Release|Any CPU
		{7F94B604-5EDE-40FB-8C76-281BB98AC48D}.Release|Any CPU.Build.0 = Release|Any CPU
		{2BFB2D06-A62C-4D47-BAEF-1060B0B85517}.Debug|Any CPU.ActiveCfg = Debug|Any CPU
		{2BFB2D06-A62C-4D47-BAEF-1060B0B85517}.Debug|Any CPU.Build.0 = Debug|Any CPU
		{2BFB2D06-A62C-4D47-BAEF-1060B0B85517}.Release|Any CPU.ActiveCfg = Release|Any CPU
		{2BFB2D06-A62C-4D47-BAEF-1060B0B85517}.Release|Any CPU.Build.0 = Release|Any CPU
		{B4799410-0D75-4AF5-80D3-8B4522AF6AEF}.Debug|Any CPU.ActiveCfg = Debug|Any CPU
		{B4799410-0D75-4AF5-80D3-8B4522AF6AEF}.Debug|Any CPU.Build.0 = Debug|Any CPU
		{B4799410-0D75-4AF5-80D3-8B4522AF6AEF}.Release|Any CPU.ActiveCfg = Release|Any CPU
		{B4799410-0D75-4AF5-80D3-8B4522AF6AEF}.Release|Any CPU.Build.0 = Release|Any CPU
		{330518D7-0E10-406A-84C0-689FD97592A3}.Debug|Any CPU.ActiveCfg = Debug|Any CPU
		{330518D7-0E10-406A-84C0-689FD97592A3}.Debug|Any CPU.Build.0 = Debug|Any CPU
		{330518D7-0E10-406A-84C0-689FD97592A3}.Release|Any CPU.ActiveCfg = Release|Any CPU
		{330518D7-0E10-406A-84C0-689FD97592A3}.Release|Any CPU.Build.0 = Release|Any CPU
		{2C61B38C-9460-414A-817B-F69539AFBE3B}.Debug|Any CPU.ActiveCfg = Debug|Any CPU
		{2C61B38C-9460-414A-817B-F69539AFBE3B}.Debug|Any CPU.Build.0 = Debug|Any CPU
		{2C61B38C-9460-414A-817B-F69539AFBE3B}.Release|Any CPU.ActiveCfg = Release|Any CPU
		{2C61B38C-9460-414A-817B-F69539AFBE3B}.Release|Any CPU.Build.0 = Release|Any CPU
		{0BE20EE7-DEDF-4C61-92E6-EFD2C7348CD4}.Debug|Any CPU.ActiveCfg = Debug|Any CPU
		{0BE20EE7-DEDF-4C61-92E6-EFD2C7348CD4}.Debug|Any CPU.Build.0 = Debug|Any CPU
		{0BE20EE7-DEDF-4C61-92E6-EFD2C7348CD4}.Release|Any CPU.ActiveCfg = Release|Any CPU
		{0BE20EE7-DEDF-4C61-92E6-EFD2C7348CD4}.Release|Any CPU.Build.0 = Release|Any CPU
	EndGlobalSection
	GlobalSection(NestedProjects) = preSolution
		{7E77C52E-4F08-4A9F-950B-A48CB8362873} = {64E28EF2-0F8E-4508-A530-07FC413291C0}
		{A9F67942-CFB5-45DF-B034-46604AA1C40B} = {64E28EF2-0F8E-4508-A530-07FC413291C0}
		{291A0790-55E0-4D9A-BA80-8633F2A7ADFA} = {7E77C52E-4F08-4A9F-950B-A48CB8362873}
		{7F94B604-5EDE-40FB-8C76-281BB98AC48D} = {7E77C52E-4F08-4A9F-950B-A48CB8362873}
		{2BFB2D06-A62C-4D47-BAEF-1060B0B85517} = {7E77C52E-4F08-4A9F-950B-A48CB8362873}
		{B4799410-0D75-4AF5-80D3-8B4522AF6AEF} = {7E77C52E-4F08-4A9F-950B-A48CB8362873}
		{CA9D1EE2-8B9F-44BE-BB68-A6FC4A2CAABD} = {64E28EF2-0F8E-4508-A530-07FC413291C0}
		{330518D7-0E10-406A-84C0-689FD97592A3} = {CA9D1EE2-8B9F-44BE-BB68-A6FC4A2CAABD}
		{2C61B38C-9460-414A-817B-F69539AFBE3B} = {CA9D1EE2-8B9F-44BE-BB68-A6FC4A2CAABD}
		{0BE20EE7-DEDF-4C61-92E6-EFD2C7348CD4} = {CA9D1EE2-8B9F-44BE-BB68-A6FC4A2CAABD}
	EndGlobalSection
EndGlobal
